
Microsoft Visual Studio Solution File, Format Version 11.00
# Visual Studio 2010
Project("{8BC9CEB8-8B4A-11D0-8D11-00A0C91BC942}") = "FobSym", "FobSym\FobSym.vcxproj", "{95FF27B0-C3AE-4636-8530-F7FE79846792}"
EndProject
Global
	GlobalSection(SolutionConfigurationPlatforms) = preSolution
		Debug|Win32 = Debug|Win32
		Release|Win32 = Release|Win32
	EndGlobalSection
	GlobalSection(ProjectConfigurationPlatforms) = postSolution
		{95FF27B0-C3AE-4636-8530-F7FE79846792}.Debug|Win32.ActiveCfg = Debug|Win32
		{95FF27B0-C3AE-4636-8530-F7FE79846792}.Debug|Win32.Build.0 = Debug|Win32
		{95FF27B0-C3AE-4636-8530-F7FE79846792}.Release|Win32.ActiveCfg = Release|Win32
		{95FF27B0-C3AE-4636-8530-F7FE79846792}.Release|Win32.Build.0 = Release|Win32
	EndGlobalSection
	GlobalSection(SolutionProperties) = preSolution
		HideSolutionNode = FALSE
	EndGlobalSection
EndGlobal
